
Microsoft Visual Studio Solution File, Format Version 12.00
# Visual Studio 2015
Project("{8BC9CEB8-8B4A-11D0-8D11-00A0C91BC942}") = "test", "test.vcxproj", "{65689E7C-519F-9F0D-FA8B-8510E6A11B0F}"
EndProject
Project("{8BC9CEB8-8B4A-11D0-8D11-00A0C91BC942}") = "001_reading_and_writing_packets", "001_reading_and_writing_packets.vcxproj", "{8E1B2641-FAFE-3481-0302-63BD6F64FBD1}"
EndProject
Project("{8BC9CEB8-8B4A-11D0-8D11-00A0C91BC942}") = "002_serialization_strategies", "002_serialization_strategies.vcxproj", "{CE71D870-BA2C-C81C-63E4-40674F7E12AD}"
EndProject
Project("{8BC9CEB8-8B4A-11D0-8D11-00A0C91BC942}") = "003_packet_fragmentation_and_reassembly", "003_packet_fragmentation_and_reassembly.vcxproj", "{A5A8EFC8-1138-B1B3-1A34-92CB8642ECBF}"
EndProject
Project("{8BC9CEB8-8B4A-11D0-8D11-00A0C91BC942}") = "004_sending_large_blocks_of_data", "004_sending_large_blocks_of_data.vcxproj", "{34EAFE8C-203B-EACE-499F-D890354F7D38}"
EndProject
Project("{8BC9CEB8-8B4A-11D0-8D11-00A0C91BC942}") = "005_packet_aggregation", "005_packet_aggregation.vcxproj", "{789231C0-648C-5A12-4DF9-F0223992C07E}"
EndProject
Project("{8BC9CEB8-8B4A-11D0-8D11-00A0C91BC942}") = "006_reliable_packets", "006_reliable_packets.vcxproj", "{C43A36BC-B0C9-BF85-59E8-D3804556D02B}"
EndProject
Global
	GlobalSection(SolutionConfigurationPlatforms) = preSolution
		Debug|x64 = Debug|x64
		Release|x64 = Release|x64
	EndGlobalSection
	GlobalSection(ProjectConfigurationPlatforms) = postSolution
		{65689E7C-519F-9F0D-FA8B-8510E6A11B0F}.Debug|x64.ActiveCfg = Debug|x64
		{65689E7C-519F-9F0D-FA8B-8510E6A11B0F}.Debug|x64.Build.0 = Debug|x64
		{65689E7C-519F-9F0D-FA8B-8510E6A11B0F}.Release|x64.ActiveCfg = Release|x64
		{65689E7C-519F-9F0D-FA8B-8510E6A11B0F}.Release|x64.Build.0 = Release|x64
		{8E1B2641-FAFE-3481-0302-63BD6F64FBD1}.Debug|x64.ActiveCfg = Debug|x64
		{8E1B2641-FAFE-3481-0302-63BD6F64FBD1}.Debug|x64.Build.0 = Debug|x64
		{8E1B2641-FAFE-3481-0302-63BD6F64FBD1}.Release|x64.ActiveCfg = Release|x64
		{8E1B2641-FAFE-3481-0302-63BD6F64FBD1}.Release|x64.Build.0 = Release|x64
		{CE71D870-BA2C-C81C-63E4-40674F7E12AD}.Debug|x64.ActiveCfg = Debug|x64
		{CE71D870-BA2C-C81C-63E4-40674F7E12AD}.Debug|x64.Build.0 = Debug|x64
		{CE71D870-BA2C-C81C-63E4-40674F7E12AD}.Release|x64.ActiveCfg = Release|x64
		{CE71D870-BA2C-C81C-63E4-40674F7E12AD}.Release|x64.Build.0 = Release|x64
		{A5A8EFC8-1138-B1B3-1A34-92CB8642ECBF}.Debug|x64.ActiveCfg = Debug|x64
		{A5A8EFC8-1138-B1B3-1A34-92CB8642ECBF}.Debug|x64.Build.0 = Debug|x64
		{A5A8EFC8-1138-B1B3-1A34-92CB8642ECBF}.Release|x64.ActiveCfg = Release|x64
		{A5A8EFC8-1138-B1B3-1A34-92CB8642ECBF}.Release|x64.Build.0 = Release|x64
		{34EAFE8C-203B-EACE-499F-D890354F7D38}.Debug|x64.ActiveCfg = Debug|x64
		{34EAFE8C-203B-EACE-499F-D890354F7D38}.Debug|x64.Build.0 = Debug|x64
		{34EAFE8C-203B-EACE-499F-D890354F7D38}.Release|x64.ActiveCfg = Release|x64
		{34EAFE8C-203B-EACE-499F-D890354F7D38}.Release|x64.Build.0 = Release|x64
		{789231C0-648C-5A12-4DF9-F0223992C07E}.Debug|x64.ActiveCfg = Debug|x64
		{789231C0-648C-5A12-4DF9-F0223992C07E}.Debug|x64.Build.0 = Debug|x64
		{789231C0-648C-5A12-4DF9-F0223992C07E}.Release|x64.ActiveCfg = Release|x64
		{789231C0-648C-5A12-4DF9-F0223992C07E}.Release|x64.Build.0 = Release|x64
		{C43A36BC-B0C9-BF85-59E8-D3804556D02B}.Debug|x64.ActiveCfg = Debug|x64
		{C43A36BC-B0C9-BF85-59E8-D3804556D02B}.Debug|x64.Build.0 = Debug|x64
		{C43A36BC-B0C9-BF85-59E8-D3804556D02B}.Release|x64.ActiveCfg = Release|x64
		{C43A36BC-B0C9-BF85-59E8-D3804556D02B}.Release|x64.Build.0 = Release|x64
	EndGlobalSection
	GlobalSection(SolutionProperties) = preSolution
		HideSolutionNode = FALSE
	EndGlobalSection
EndGlobal
